
Microsoft Visual Studio Solution File, Format Version 12.00
# Visual Studio Version 17
VisualStudioVersion = 17.4.33213.308
MinimumVisualStudioVersion = 10.0.40219.1
Project("{FAE04EC0-301F-11D3-BF4B-00C04F79EFBC}") = "CQRS and MediatR", "CQRS and MediatR.csproj", "{A9F4D126-FD92-4026-9E43-04000732CC72}"
EndProject
Global
	GlobalSection(SolutionConfigurationPlatforms) = preSolution
		Debug|Any CPU = Debug|Any CPU
		Release|Any CPU = Release|Any CPU
	EndGlobalSection
	GlobalSection(ProjectConfigurationPlatforms) = postSolution
		{A9F4D126-FD92-4026-9E43-04000732CC72}.Debug|Any CPU.ActiveCfg = Debug|Any CPU
		{A9F4D126-FD92-4026-9E43-04000732CC72}.Debug|Any CPU.Build.0 = Debug|Any CPU
		{A9F4D126-FD92-4026-9E43-04000732CC72}.Release|Any CPU.ActiveCfg = Release|Any CPU
		{A9F4D126-FD92-4026-9E43-04000732CC72}.Release|Any CPU.Build.0 = Release|Any CPU
	EndGlobalSection
	GlobalSection(SolutionProperties) = preSolution
		HideSolutionNode = FALSE
	EndGlobalSection
	GlobalSection(ExtensibilityGlobals) = postSolution
		SolutionGuid = {ABE03DCD-713E-4927-9011-4E108C636BE3}
	EndGlobalSection
EndGlobal
